
Microsoft Visual Studio Solution File, Format Version 12.00
# Visual Studio 2013
VisualStudioVersion = 12.0.31101.0
MinimumVisualStudioVersion = 10.0.40219.1
Project("{2150E333-8FDC-42A3-9474-1A3956D46DE8}") = "Data", "Data", "{5ABFEB19-77C2-4C6A-B14A-5E6ED90AFEBA}"
EndProject
Project("{2150E333-8FDC-42A3-9474-1A3956D46DE8}") = "Tests", "Tests", "{4B4269F5-2D25-4E28-8919-445768C6A3BF}"
EndProject
Project("{2150E333-8FDC-42A3-9474-1A3956D46DE8}") = "Web", "Web", "{9635B0D8-17DC-44FC-99D9-5A03599D791B}"
EndProject
Project("{FAE04EC0-301F-11D3-BF4B-00C04F79EFBC}") = "Eventer.Data", "Eventer.Data\Eventer.Data.csproj", "{7287C7E5-9669-4129-A478-503478736548}"
EndProject
Project("{FAE04EC0-301F-11D3-BF4B-00C04F79EFBC}") = "Eventer.Models", "Eventer.Models\Eventer.Models.csproj", "{C5B361AB-5FE0-4375-8BDF-0B93F6856FA6}"
EndProject
Project("{FAE04EC0-301F-11D3-BF4B-00C04F79EFBC}") = "Eventer.Tests", "Eventer.Tests\Eventer.Tests.csproj", "{B3BAF80B-9F9C-43A9-A769-D190962EC8C8}"
EndProject
Project("{FAE04EC0-301F-11D3-BF4B-00C04F79EFBC}") = "Eventer.Web", "Eventer.Web\Eventer.Web.csproj", "{90294AFE-A991-4563-BF40-26D026204063}"
EndProject
Project("{FAE04EC0-301F-11D3-BF4B-00C04F79EFBC}") = "Eventer.Contracts", "Eventer.Contracts\Eventer.Contracts.csproj", "{343200B3-469D-4F91-AF90-89913C565A8E}"
EndProject
Global
	GlobalSection(SolutionConfigurationPlatforms) = preSolution
		Debug|Any CPU = Debug|Any CPU
		Release|Any CPU = Release|Any CPU
	EndGlobalSection
	GlobalSection(ProjectConfigurationPlatforms) = postSolution
		{7287C7E5-9669-4129-A478-503478736548}.Debug|Any CPU.ActiveCfg = Debug|Any CPU
		{7287C7E5-9669-4129-A478-503478736548}.Debug|Any CPU.Build.0 = Debug|Any CPU
		{7287C7E5-9669-4129-A478-503478736548}.Release|Any CPU.ActiveCfg = Release|Any CPU
		{7287C7E5-9669-4129-A478-503478736548}.Release|Any CPU.Build.0 = Release|Any CPU
		{C5B361AB-5FE0-4375-8BDF-0B93F6856FA6}.Debug|Any CPU.ActiveCfg = Debug|Any CPU
		{C5B361AB-5FE0-4375-8BDF-0B93F6856FA6}.Debug|Any CPU.Build.0 = Debug|Any CPU
		{C5B361AB-5FE0-4375-8BDF-0B93F6856FA6}.Release|Any CPU.ActiveCfg = Release|Any CPU
		{C5B361AB-5FE0-4375-8BDF-0B93F6856FA6}.Release|Any CPU.Build.0 = Release|Any CPU
		{B3BAF80B-9F9C-43A9-A769-D190962EC8C8}.Debug|Any CPU.ActiveCfg = Debug|Any CPU
		{B3BAF80B-9F9C-43A9-A769-D190962EC8C8}.Debug|Any CPU.Build.0 = Debug|Any CPU
		{B3BAF80B-9F9C-43A9-A769-D190962EC8C8}.Release|Any CPU.ActiveCfg = Release|Any CPU
		{B3BAF80B-9F9C-43A9-A769-D190962EC8C8}.Release|Any CPU.Build.0 = Release|Any CPU
		{90294AFE-A991-4563-BF40-26D026204063}.Debug|Any CPU.ActiveCfg = Debug|Any CPU
		{90294AFE-A991-4563-BF40-26D026204063}.Debug|Any CPU.Build.0 = Debug|Any CPU
		{90294AFE-A991-4563-BF40-26D026204063}.Release|Any CPU.ActiveCfg = Release|Any CPU
		{90294AFE-A991-4563-BF40-26D026204063}.Release|Any CPU.Build.0 = Release|Any CPU
		{343200B3-469D-4F91-AF90-89913C565A8E}.Debug|Any CPU.ActiveCfg = Debug|Any CPU
		{343200B3-469D-4F91-AF90-89913C565A8E}.Debug|Any CPU.Build.0 = Debug|Any CPU
		{343200B3-469D-4F91-AF90-89913C565A8E}.Release|Any CPU.ActiveCfg = Release|Any CPU
		{343200B3-469D-4F91-AF90-89913C565A8E}.Release|Any CPU.Build.0 = Release|Any CPU
	EndGlobalSection
	GlobalSection(SolutionProperties) = preSolution
		HideSolutionNode = FALSE
	EndGlobalSection
	GlobalSection(NestedProjects) = preSolution
		{7287C7E5-9669-4129-A478-503478736548} = {5ABFEB19-77C2-4C6A-B14A-5E6ED90AFEBA}
		{C5B361AB-5FE0-4375-8BDF-0B93F6856FA6} = {5ABFEB19-77C2-4C6A-B14A-5E6ED90AFEBA}
		{B3BAF80B-9F9C-43A9-A769-D190962EC8C8} = {4B4269F5-2D25-4E28-8919-445768C6A3BF}
		{90294AFE-A991-4563-BF40-26D026204063} = {9635B0D8-17DC-44FC-99D9-5A03599D791B}
		{343200B3-469D-4F91-AF90-89913C565A8E} = {5ABFEB19-77C2-4C6A-B14A-5E6ED90AFEBA}
	EndGlobalSection
EndGlobal
